{
  "name": "spearbot",
  "lockfileVersion": 3,
  "requires": true,
  "packages": {
    "": {
      "dependencies": {
        "@dqbd/tiktoken": "^1.0.4"
      }
    },
    "node_modules/@dqbd/tiktoken": {
      "version": "1.0.4",
      "resolved": "https://registry.npmjs.org/@dqbd/tiktoken/-/tiktoken-1.0.4.tgz",
      "integrity": "sha512-C0HrJj2RNlsB3wslfNHGNH8xN7QQMki+y4JkUor/GE+oIfPvH7yVep9l1/2powam8AAH6+gdv5MggA5gsszweg=="
    }
  }
}
